
Microsoft Visual Studio Solution File, Format Version 12.00
# Visual Studio Version 17
VisualStudioVersion = 17.3.32819.101
MinimumVisualStudioVersion = 10.0.40219.1
Project("{FAE04EC0-301F-11D3-BF4B-00C04F79EFBC}") = "BlogDock.Web", "BlogDock.Web\BlogDock.Web.csproj", "{6C895407-3DFF-4711-81CE-04406D40B3AA}"
EndProject
Global
	GlobalSection(SolutionConfigurationPlatforms) = preSolution
		Debug|Any CPU = Debug|Any CPU
		Release|Any CPU = Release|Any CPU
	EndGlobalSection
	GlobalSection(ProjectConfigurationPlatforms) = postSolution
		{6C895407-3DFF-4711-81CE-04406D40B3AA}.Debug|Any CPU.ActiveCfg = Debug|Any CPU
		{6C895407-3DFF-4711-81CE-04406D40B3AA}.Debug|Any CPU.Build.0 = Debug|Any CPU
		{6C895407-3DFF-4711-81CE-04406D40B3AA}.Release|Any CPU.ActiveCfg = Release|Any CPU
		{6C895407-3DFF-4711-81CE-04406D40B3AA}.Release|Any CPU.Build.0 = Release|Any CPU
	EndGlobalSection
	GlobalSection(SolutionProperties) = preSolution
		HideSolutionNode = FALSE
	EndGlobalSection
	GlobalSection(ExtensibilityGlobals) = postSolution
		SolutionGuid = {658C3EB8-A33E-4A19-BC91-D8F609EA3860}
	EndGlobalSection
EndGlobal
